
Microsoft Visual Studio Solution File, Format Version 12.00
# Visual Studio Version 17
VisualStudioVersion = 17.4.33213.308
MinimumVisualStudioVersion = 10.0.40219.1
Project("{FAE04EC0-301F-11D3-BF4B-00C04F79EFBC}") = "ClassDemoRunApp", "ClassDemoRunApp\ClassDemoRunApp.csproj", "{8F9EDC16-885F-455C-B7C9-949ACF4B5575}"
EndProject
Global
	GlobalSection(SolutionConfigurationPlatforms) = preSolution
		Debug|Any CPU = Debug|Any CPU
		Release|Any CPU = Release|Any CPU
	EndGlobalSection
	GlobalSection(ProjectConfigurationPlatforms) = postSolution
		{8F9EDC16-885F-455C-B7C9-949ACF4B5575}.Debug|Any CPU.ActiveCfg = Debug|Any CPU
		{8F9EDC16-885F-455C-B7C9-949ACF4B5575}.Debug|Any CPU.Build.0 = Debug|Any CPU
		{8F9EDC16-885F-455C-B7C9-949ACF4B5575}.Release|Any CPU.ActiveCfg = Release|Any CPU
		{8F9EDC16-885F-455C-B7C9-949ACF4B5575}.Release|Any CPU.Build.0 = Release|Any CPU
	EndGlobalSection
	GlobalSection(SolutionProperties) = preSolution
		HideSolutionNode = FALSE
	EndGlobalSection
	GlobalSection(ExtensibilityGlobals) = postSolution
		SolutionGuid = {0514B48E-3055-420A-A0E8-4676AA7C796D}
	EndGlobalSection
EndGlobal
